
Microsoft Visual Studio Solution File, Format Version 12.00
Project("{FAE04EC0-301F-11D3-BF4B-00C04F79EFBC}") = "lr2_search", "lr2_search.csproj", "{8E22F016-DB21-44A0-BACE-E317CD56AB25}"
EndProject
Global
	GlobalSection(SolutionConfigurationPlatforms) = preSolution
		Debug|Any CPU = Debug|Any CPU
		Release|Any CPU = Release|Any CPU
	EndGlobalSection
	GlobalSection(ProjectConfigurationPlatforms) = postSolution
		{8E22F016-DB21-44A0-BACE-E317CD56AB25}.Debug|Any CPU.ActiveCfg = Debug|Any CPU
		{8E22F016-DB21-44A0-BACE-E317CD56AB25}.Debug|Any CPU.Build.0 = Debug|Any CPU
		{8E22F016-DB21-44A0-BACE-E317CD56AB25}.Release|Any CPU.ActiveCfg = Release|Any CPU
		{8E22F016-DB21-44A0-BACE-E317CD56AB25}.Release|Any CPU.Build.0 = Release|Any CPU
	EndGlobalSection
EndGlobal
